
Microsoft Visual Studio Solution File, Format Version 12.00
# Visual Studio Version 16
VisualStudioVersion = 16.0.29609.76
MinimumVisualStudioVersion = 10.0.40219.1
Project("{FAE04EC0-301F-11D3-BF4B-00C04F79EFBC}") = "OneLinkedList", "OneLinkedList\OneLinkedList.csproj", "{96853F67-E73B-4742-AE68-FC54E0328A0E}"
EndProject
Project("{FAE04EC0-301F-11D3-BF4B-00C04F79EFBC}") = "DoubleLinkedList", "DoubleLinkedList\DoubleLinkedList.csproj", "{7E056FEE-BE06-470F-84AB-EE7150B9700B}"
EndProject
Project("{FAE04EC0-301F-11D3-BF4B-00C04F79EFBC}") = "BubbleSort", "BubbleSort\BubbleSort.csproj", "{3CAEF1E7-75B8-4457-B4D1-A7B9EDF2C864}"
EndProject
Project("{FAE04EC0-301F-11D3-BF4B-00C04F79EFBC}") = "DynamicArray", "DynamicArray\DynamicArray.csproj", "{5AD19514-5514-407C-A37D-CA0774FB057A}"
EndProject
Project("{FAE04EC0-301F-11D3-BF4B-00C04F79EFBC}") = "Stack", "Stack\Stack.csproj", "{D029FF63-85F0-4D8B-991B-52A4883891F4}"
EndProject
Project("{FAE04EC0-301F-11D3-BF4B-00C04F79EFBC}") = "Queue", "Queue\Queue.csproj", "{5069B594-30B8-4B64-9476-8A2A4C0BAB32}"
EndProject
Project("{FAE04EC0-301F-11D3-BF4B-00C04F79EFBC}") = "SimpleSet", "Set\SimpleSet.csproj", "{9A42B5D1-605E-4155-94F6-15AFC131F9E0}"
EndProject
Project("{FAE04EC0-301F-11D3-BF4B-00C04F79EFBC}") = "InsertionSort", "InsertionSort\InsertionSort.csproj", "{5593230E-5269-40AE-B3BF-E7F7469BEB0B}"
EndProject
Project("{FAE04EC0-301F-11D3-BF4B-00C04F79EFBC}") = "SelectionSort", "SelectionSort\SelectionSort.csproj", "{22C57CFB-DD0D-47A5-86BF-5408BA8CA11F}"
EndProject
Project("{FAE04EC0-301F-11D3-BF4B-00C04F79EFBC}") = "MergeSort", "MergeSort\MergeSort.csproj", "{533AE643-4118-430B-95B9-1AB4D4B05BF8}"
EndProject
Project("{FAE04EC0-301F-11D3-BF4B-00C04F79EFBC}") = "QuickSort", "QuickSort\QuickSort.csproj", "{BFCDA146-2E28-4CB2-B5F3-FA8F6348A0DC}"
EndProject
Project("{FAE04EC0-301F-11D3-BF4B-00C04F79EFBC}") = "HashTable", "HashTable\HashTable.csproj", "{29563B7B-03DC-47E7-98D6-E94A83AC5107}"
EndProject
Project("{FAE04EC0-301F-11D3-BF4B-00C04F79EFBC}") = "AVL_Balanced_BinaryTree", "AVL_Balanced_BinaryTree\AVL_Balanced_BinaryTree.csproj", "{E5A8B81E-F1E5-45B8-8BFB-245DAE919201}"
EndProject
Project("{FAE04EC0-301F-11D3-BF4B-00C04F79EFBC}") = "partialTest", "partialTest\partialTest.csproj", "{14338602-ED02-4409-8989-BD430D301FB4}"
EndProject
Project("{FAE04EC0-301F-11D3-BF4B-00C04F79EFBC}") = "TimeAngle", "TimeAngle\TimeAngle.csproj", "{F17CCF25-534D-4BDD-A03E-EC952DFE4908}"
EndProject
Project("{9A19103F-16F7-4668-BE54-9A1E7A4F7556}") = "Algo.Tests", "leetcode.Tests\Algo.Tests.csproj", "{208BE657-5291-4F88-8ED4-81B03944CE6B}"
EndProject
Project("{2150E333-8FDC-42A3-9474-1A3956D46DE8}") = "first_algo", "first_algo", "{A282CC51-619F-4F61-99C1-26C19D2F3030}"
EndProject
Project("{2150E333-8FDC-42A3-9474-1A3956D46DE8}") = "Solution Items", "Solution Items", "{750CA861-B307-466A-913B-3AC77081B7DF}"
	ProjectSection(SolutionItems) = preProject
		.editorconfig = .editorconfig
	EndProjectSection
EndProject
Global
	GlobalSection(SolutionConfigurationPlatforms) = preSolution
		Debug|Any CPU = Debug|Any CPU
		Release|Any CPU = Release|Any CPU
	EndGlobalSection
	GlobalSection(ProjectConfigurationPlatforms) = postSolution
		{96853F67-E73B-4742-AE68-FC54E0328A0E}.Debug|Any CPU.ActiveCfg = Debug|Any CPU
		{96853F67-E73B-4742-AE68-FC54E0328A0E}.Debug|Any CPU.Build.0 = Debug|Any CPU
		{96853F67-E73B-4742-AE68-FC54E0328A0E}.Release|Any CPU.ActiveCfg = Release|Any CPU
		{96853F67-E73B-4742-AE68-FC54E0328A0E}.Release|Any CPU.Build.0 = Release|Any CPU
		{7E056FEE-BE06-470F-84AB-EE7150B9700B}.Debug|Any CPU.ActiveCfg = Debug|Any CPU
		{7E056FEE-BE06-470F-84AB-EE7150B9700B}.Debug|Any CPU.Build.0 = Debug|Any CPU
		{7E056FEE-BE06-470F-84AB-EE7150B9700B}.Release|Any CPU.ActiveCfg = Release|Any CPU
		{7E056FEE-BE06-470F-84AB-EE7150B9700B}.Release|Any CPU.Build.0 = Release|Any CPU
		{3CAEF1E7-75B8-4457-B4D1-A7B9EDF2C864}.Debug|Any CPU.ActiveCfg = Debug|Any CPU
		{3CAEF1E7-75B8-4457-B4D1-A7B9EDF2C864}.Debug|Any CPU.Build.0 = Debug|Any CPU
		{3CAEF1E7-75B8-4457-B4D1-A7B9EDF2C864}.Release|Any CPU.ActiveCfg = Release|Any CPU
		{3CAEF1E7-75B8-4457-B4D1-A7B9EDF2C864}.Release|Any CPU.Build.0 = Release|Any CPU
		{5AD19514-5514-407C-A37D-CA0774FB057A}.Debug|Any CPU.ActiveCfg = Debug|Any CPU
		{5AD19514-5514-407C-A37D-CA0774FB057A}.Debug|Any CPU.Build.0 = Debug|Any CPU
		{5AD19514-5514-407C-A37D-CA0774FB057A}.Release|Any CPU.ActiveCfg = Release|Any CPU
		{5AD19514-5514-407C-A37D-CA0774FB057A}.Release|Any CPU.Build.0 = Release|Any CPU
		{D029FF63-85F0-4D8B-991B-52A4883891F4}.Debug|Any CPU.ActiveCfg = Debug|Any CPU
		{D029FF63-85F0-4D8B-991B-52A4883891F4}.Debug|Any CPU.Build.0 = Debug|Any CPU
		{D029FF63-85F0-4D8B-991B-52A4883891F4}.Release|Any CPU.ActiveCfg = Release|Any CPU
		{D029FF63-85F0-4D8B-991B-52A4883891F4}.Release|Any CPU.Build.0 = Release|Any CPU
		{5069B594-30B8-4B64-9476-8A2A4C0BAB32}.Debug|Any CPU.ActiveCfg = Debug|Any CPU
		{5069B594-30B8-4B64-9476-8A2A4C0BAB32}.Debug|Any CPU.Build.0 = Debug|Any CPU
		{5069B594-30B8-4B64-9476-8A2A4C0BAB32}.Release|Any CPU.ActiveCfg = Release|Any CPU
		{5069B594-30B8-4B64-9476-8A2A4C0BAB32}.Release|Any CPU.Build.0 = Release|Any CPU
		{9A42B5D1-605E-4155-94F6-15AFC131F9E0}.Debug|Any CPU.ActiveCfg = Debug|Any CPU
		{9A42B5D1-605E-4155-94F6-15AFC131F9E0}.Debug|Any CPU.Build.0 = Debug|Any CPU
		{9A42B5D1-605E-4155-94F6-15AFC131F9E0}.Release|Any CPU.ActiveCfg = Release|Any CPU
		{9A42B5D1-605E-4155-94F6-15AFC131F9E0}.Release|Any CPU.Build.0 = Release|Any CPU
		{5593230E-5269-40AE-B3BF-E7F7469BEB0B}.Debug|Any CPU.ActiveCfg = Debug|Any CPU
		{5593230E-5269-40AE-B3BF-E7F7469BEB0B}.Debug|Any CPU.Build.0 = Debug|Any CPU
		{5593230E-5269-40AE-B3BF-E7F7469BEB0B}.Release|Any CPU.ActiveCfg = Release|Any CPU
		{5593230E-5269-40AE-B3BF-E7F7469BEB0B}.Release|Any CPU.Build.0 = Release|Any CPU
		{22C57CFB-DD0D-47A5-86BF-5408BA8CA11F}.Debug|Any CPU.ActiveCfg = Debug|Any CPU
		{22C57CFB-DD0D-47A5-86BF-5408BA8CA11F}.Debug|Any CPU.Build.0 = Debug|Any CPU
		{22C57CFB-DD0D-47A5-86BF-5408BA8CA11F}.Release|Any CPU.ActiveCfg = Release|Any CPU
		{22C57CFB-DD0D-47A5-86BF-5408BA8CA11F}.Release|Any CPU.Build.0 = Release|Any CPU
		{533AE643-4118-430B-95B9-1AB4D4B05BF8}.Debug|Any CPU.ActiveCfg = Debug|Any CPU
		{533AE643-4118-430B-95B9-1AB4D4B05BF8}.Debug|Any CPU.Build.0 = Debug|Any CPU
		{533AE643-4118-430B-95B9-1AB4D4B05BF8}.Release|Any CPU.ActiveCfg = Release|Any CPU
		{533AE643-4118-430B-95B9-1AB4D4B05BF8}.Release|Any CPU.Build.0 = Release|Any CPU
		{BFCDA146-2E28-4CB2-B5F3-FA8F6348A0DC}.Debug|Any CPU.ActiveCfg = Debug|Any CPU
		{BFCDA146-2E28-4CB2-B5F3-FA8F6348A0DC}.Debug|Any CPU.Build.0 = Debug|Any CPU
		{BFCDA146-2E28-4CB2-B5F3-FA8F6348A0DC}.Release|Any CPU.ActiveCfg = Release|Any CPU
		{BFCDA146-2E28-4CB2-B5F3-FA8F6348A0DC}.Release|Any CPU.Build.0 = Release|Any CPU
		{29563B7B-03DC-47E7-98D6-E94A83AC5107}.Debug|Any CPU.ActiveCfg = Debug|Any CPU
		{29563B7B-03DC-47E7-98D6-E94A83AC5107}.Debug|Any CPU.Build.0 = Debug|Any CPU
		{29563B7B-03DC-47E7-98D6-E94A83AC5107}.Release|Any CPU.ActiveCfg = Release|Any CPU
		{29563B7B-03DC-47E7-98D6-E94A83AC5107}.Release|Any CPU.Build.0 = Release|Any CPU
		{E5A8B81E-F1E5-45B8-8BFB-245DAE919201}.Debug|Any CPU.ActiveCfg = Debug|Any CPU
		{E5A8B81E-F1E5-45B8-8BFB-245DAE919201}.Debug|Any CPU.Build.0 = Debug|Any CPU
		{E5A8B81E-F1E5-45B8-8BFB-245DAE919201}.Release|Any CPU.ActiveCfg = Release|Any CPU
		{E5A8B81E-F1E5-45B8-8BFB-245DAE919201}.Release|Any CPU.Build.0 = Release|Any CPU
		{14338602-ED02-4409-8989-BD430D301FB4}.Debug|Any CPU.ActiveCfg = Debug|Any CPU
		{14338602-ED02-4409-8989-BD430D301FB4}.Debug|Any CPU.Build.0 = Debug|Any CPU
		{14338602-ED02-4409-8989-BD430D301FB4}.Release|Any CPU.ActiveCfg = Release|Any CPU
		{14338602-ED02-4409-8989-BD430D301FB4}.Release|Any CPU.Build.0 = Release|Any CPU
		{F17CCF25-534D-4BDD-A03E-EC952DFE4908}.Debug|Any CPU.ActiveCfg = Debug|Any CPU
		{F17CCF25-534D-4BDD-A03E-EC952DFE4908}.Debug|Any CPU.Build.0 = Debug|Any CPU
		{F17CCF25-534D-4BDD-A03E-EC952DFE4908}.Release|Any CPU.ActiveCfg = Release|Any CPU
		{F17CCF25-534D-4BDD-A03E-EC952DFE4908}.Release|Any CPU.Build.0 = Release|Any CPU
		{208BE657-5291-4F88-8ED4-81B03944CE6B}.Debug|Any CPU.ActiveCfg = Debug|Any CPU
		{208BE657-5291-4F88-8ED4-81B03944CE6B}.Debug|Any CPU.Build.0 = Debug|Any CPU
		{208BE657-5291-4F88-8ED4-81B03944CE6B}.Release|Any CPU.ActiveCfg = Release|Any CPU
		{208BE657-5291-4F88-8ED4-81B03944CE6B}.Release|Any CPU.Build.0 = Release|Any CPU
	EndGlobalSection
	GlobalSection(SolutionProperties) = preSolution
		HideSolutionNode = FALSE
	EndGlobalSection
	GlobalSection(NestedProjects) = preSolution
		{96853F67-E73B-4742-AE68-FC54E0328A0E} = {A282CC51-619F-4F61-99C1-26C19D2F3030}
		{7E056FEE-BE06-470F-84AB-EE7150B9700B} = {A282CC51-619F-4F61-99C1-26C19D2F3030}
		{3CAEF1E7-75B8-4457-B4D1-A7B9EDF2C864} = {A282CC51-619F-4F61-99C1-26C19D2F3030}
		{5AD19514-5514-407C-A37D-CA0774FB057A} = {A282CC51-619F-4F61-99C1-26C19D2F3030}
		{D029FF63-85F0-4D8B-991B-52A4883891F4} = {A282CC51-619F-4F61-99C1-26C19D2F3030}
		{5069B594-30B8-4B64-9476-8A2A4C0BAB32} = {A282CC51-619F-4F61-99C1-26C19D2F3030}
		{9A42B5D1-605E-4155-94F6-15AFC131F9E0} = {A282CC51-619F-4F61-99C1-26C19D2F3030}
		{5593230E-5269-40AE-B3BF-E7F7469BEB0B} = {A282CC51-619F-4F61-99C1-26C19D2F3030}
		{22C57CFB-DD0D-47A5-86BF-5408BA8CA11F} = {A282CC51-619F-4F61-99C1-26C19D2F3030}
		{533AE643-4118-430B-95B9-1AB4D4B05BF8} = {A282CC51-619F-4F61-99C1-26C19D2F3030}
		{BFCDA146-2E28-4CB2-B5F3-FA8F6348A0DC} = {A282CC51-619F-4F61-99C1-26C19D2F3030}
		{29563B7B-03DC-47E7-98D6-E94A83AC5107} = {A282CC51-619F-4F61-99C1-26C19D2F3030}
		{E5A8B81E-F1E5-45B8-8BFB-245DAE919201} = {A282CC51-619F-4F61-99C1-26C19D2F3030}
		{F17CCF25-534D-4BDD-A03E-EC952DFE4908} = {A282CC51-619F-4F61-99C1-26C19D2F3030}
	EndGlobalSection
	GlobalSection(ExtensibilityGlobals) = postSolution
		SolutionGuid = {4289C13E-5189-4EB5-930E-85EA3E162BDF}
	EndGlobalSection
EndGlobal
